
Microsoft Visual Studio Solution File, Format Version 12.00
# Visual Studio Version 16
VisualStudioVersion = 16.0.30320.27
MinimumVisualStudioVersion = 10.0.40219.1
Project("{FAE04EC0-301F-11D3-BF4B-00C04F79EFBC}") = "ConsoleApp11", "ConsoleApp11\ConsoleApp11.csproj", "{9DE0D886-69C5-4322-A98C-8E942F8C2068}"
EndProject
Global
	GlobalSection(SolutionConfigurationPlatforms) = preSolution
		Debug|Any CPU = Debug|Any CPU
		Release|Any CPU = Release|Any CPU
	EndGlobalSection
	GlobalSection(ProjectConfigurationPlatforms) = postSolution
		{9DE0D886-69C5-4322-A98C-8E942F8C2068}.Debug|Any CPU.ActiveCfg = Debug|Any CPU
		{9DE0D886-69C5-4322-A98C-8E942F8C2068}.Debug|Any CPU.Build.0 = Debug|Any CPU
		{9DE0D886-69C5-4322-A98C-8E942F8C2068}.Release|Any CPU.ActiveCfg = Release|Any CPU
		{9DE0D886-69C5-4322-A98C-8E942F8C2068}.Release|Any CPU.Build.0 = Release|Any CPU
	EndGlobalSection
	GlobalSection(SolutionProperties) = preSolution
		HideSolutionNode = FALSE
	EndGlobalSection
	GlobalSection(ExtensibilityGlobals) = postSolution
		SolutionGuid = {2408456D-2147-4837-AFE2-B905833C1612}
	EndGlobalSection
EndGlobal
